
Microsoft Visual Studio Solution File, Format Version 12.00
# Visual Studio 15
VisualStudioVersion = 15.0.27703.2042
MinimumVisualStudioVersion = 10.0.40219.1
Project("{FAE04EC0-301F-11D3-BF4B-00C04F79EFBC}") = "ImageManager.API", "ImageManager.API\ImageManager.API.csproj", "{64EA0E65-B5EF-471C-944A-DA067F59707B}"
EndProject
Global
	GlobalSection(SolutionConfigurationPlatforms) = preSolution
		Debug|Any CPU = Debug|Any CPU
		Release|Any CPU = Release|Any CPU
	EndGlobalSection
	GlobalSection(ProjectConfigurationPlatforms) = postSolution
		{64EA0E65-B5EF-471C-944A-DA067F59707B}.Debug|Any CPU.ActiveCfg = Debug|Any CPU
		{64EA0E65-B5EF-471C-944A-DA067F59707B}.Debug|Any CPU.Build.0 = Debug|Any CPU
		{64EA0E65-B5EF-471C-944A-DA067F59707B}.Release|Any CPU.ActiveCfg = Release|Any CPU
		{64EA0E65-B5EF-471C-944A-DA067F59707B}.Release|Any CPU.Build.0 = Release|Any CPU
	EndGlobalSection
	GlobalSection(SolutionProperties) = preSolution
		HideSolutionNode = FALSE
	EndGlobalSection
	GlobalSection(ExtensibilityGlobals) = postSolution
		SolutionGuid = {CFD6FFB6-CE5E-419B-B313-C37FD2B90A16}
	EndGlobalSection
EndGlobal
